// !$*UTF8*$!
{
	archiveVersion = 1;
	classes = {
	};
	objectVersion = 46;
	objects = {

/* Begin PBXBuildFile section */
		3D4FB8341D0AE5EA001F5270 /* TGLSettingsViewController.m in Sources */ = {isa = PBXBuildFile; fileRef = 3D4FB8331D0AE5EA001F5270 /* TGLSettingsViewController.m */; };
		3DCA5E9A1A121D7D0079EDC9 /* Launch Screen.xib in Resources */ = {isa = PBXBuildFile; fileRef = 3DCA5E991A121D7D0079EDC9 /* Launch Screen.xib */; };
		3DE7BA111D0DEE7E0035A3FD /* TGLSettingOptionsViewController.m in Sources */ = {isa = PBXBuildFile; fileRef = 3DE7BA101D0DEE7E0035A3FD /* TGLSettingOptionsViewController.m */; };
		3DF68EFE18F31B0C00387458 /* Foundation.framework in Frameworks */ = {isa = PBXBuildFile; fileRef = 3DF68EFD18F31B0C00387458 /* Foundation.framework */; };
		3DF68F0018F31B0C00387458 /* CoreGraphics.framework in Frameworks */ = {isa = PBXBuildFile; fileRef = 3DF68EFF18F31B0C00387458 /* CoreGraphics.framework */; };
		3DF68F0218F31B0C00387458 /* UIKit.framework in Frameworks */ = {isa = PBXBuildFile; fileRef = 3DF68F0118F31B0C00387458 /* UIKit.framework */; };
		3DF68F0818F31B0C00387458 /* InfoPlist.strings in Resources */ = {isa = PBXBuildFile; fileRef = 3DF68F0618F31B0C00387458 /* InfoPlist.strings */; };
		3DF68F0A18F31B0C00387458 /* main.m in Sources */ = {isa = PBXBuildFile; fileRef = 3DF68F0918F31B0C00387458 /* main.m */; };
		3DF68F0E18F31B0C00387458 /* TGLAppDelegate.m in Sources */ = {isa = PBXBuildFile; fileRef = 3DF68F0D18F31B0C00387458 /* TGLAppDelegate.m */; };
		3DF68F1118F31B0C00387458 /* Main.storyboard in Resources */ = {isa = PBXBuildFile; fileRef = 3DF68F0F18F31B0C00387458 /* Main.storyboard */; };
		3DF68F1418F31B0C00387458 /* TGLViewController.m in Sources */ = {isa = PBXBuildFile; fileRef = 3DF68F1318F31B0C00387458 /* TGLViewController.m */; };
		3DF68F1618F31B0C00387458 /* Images.xcassets in Resources */ = {isa = PBXBuildFile; fileRef = 3DF68F1518F31B0C00387458 /* Images.xcassets */; };
		3DF68F3418F31C1300387458 /* TGLCollectionViewCell.m in Sources */ = {isa = PBXBuildFile; fileRef = 3DF68F3318F31C1300387458 /* TGLCollectionViewCell.m */; };
		3DFACA4F1D195E8C005C8F3F /* TGLBackgroundProxyView.m in Sources */ = {isa = PBXBuildFile; fileRef = 3DFACA4E1D195E8C005C8F3F /* TGLBackgroundProxyView.m */; };
		D1AE4A2C1E89198A006C8E16 /* TGLExposedLayout.h in Headers */ = {isa = PBXBuildFile; fileRef = 3DBF89AC190019980041CB92 /* TGLExposedLayout.h */; settings = {ATTRIBUTES = (Public, ); }; };
		D1AE4A2D1E89198E006C8E16 /* TGLStackedLayout.h in Headers */ = {isa = PBXBuildFile; fileRef = 3DBF89AE190019980041CB92 /* TGLStackedLayout.h */; settings = {ATTRIBUTES = (Public, ); }; };
		D1C2B1F71E8927B600BBB75B /* TGLExposedLayout.m in Sources */ = {isa = PBXBuildFile; fileRef = 3DBF89AD190019980041CB92 /* TGLExposedLayout.m */; };
		D1C2B1F81E8927B600BBB75B /* TGLStackedLayout.m in Sources */ = {isa = PBXBuildFile; fileRef = 3DBF89AF190019980041CB92 /* TGLStackedLayout.m */; };
		D1C2B1F91E8927B600BBB75B /* TGLStackedViewController.m in Sources */ = {isa = PBXBuildFile; fileRef = 3DBF89B1190019980041CB92 /* TGLStackedViewController.m */; };
		D1FC7DC21E85A8B1003FB98A /* TGLStackedViewController.framework in Frameworks */ = {isa = PBXBuildFile; fileRef = D1FC7DBB1E85A8B1003FB98A /* TGLStackedViewController.framework */; };
		D1FC7DC31E85A8B1003FB98A /* TGLStackedViewController.framework in Embed Frameworks */ = {isa = PBXBuildFile; fileRef = D1FC7DBB1E85A8B1003FB98A /* TGLStackedViewController.framework */; settings = {ATTRIBUTES = (CodeSignOnCopy, RemoveHeadersOnCopy, ); }; };
		D1FC7DCD1E85A930003FB98A /* TGLStackedViewController.h in Headers */ = {isa = PBXBuildFile; fileRef = 3DBF89B0190019980041CB92 /* TGLStackedViewController.h */; settings = {ATTRIBUTES = (Public, ); }; };
/* End PBXBuildFile section */

/* Begin PBXContainerItemProxy section */
		D1FC7DC01E85A8B1003FB98A /* PBXContainerItemProxy */ = {
			isa = PBXContainerItemProxy;
			containerPortal = 3DF68EF218F31B0C00387458 /* Project object */;
			proxyType = 1;
			remoteGlobalIDString = D1FC7DBA1E85A8B1003FB98A;
			remoteInfo = TGLStackedViewController;
		};
/* End PBXContainerItemProxy section */

/* Begin PBXCopyFilesBuildPhase section */
		D1FC7DC71E85A8B1003FB98A /* Embed Frameworks */ = {
			isa = PBXCopyFilesBuildPhase;
			buildActionMask = 2147483647;
			dstPath = "";
			dstSubfolderSpec = 10;
			files = (
				D1FC7DC31E85A8B1003FB98A /* TGLStackedViewController.framework in Embed Frameworks */,
			);
			name = "Embed Frameworks";
			runOnlyForDeploymentPostprocessing = 0;
		};
/* End PBXCopyFilesBuildPhase section */

/* Begin PBXFileReference section */
		3D4FB8321D0AE5EA001F5270 /* TGLSettingsViewController.h */ = {isa = PBXFileReference; fileEncoding = 4; lastKnownFileType = sourcecode.c.h; path = TGLSettingsViewController.h; sourceTree = "<group>"; };
		3D4FB8331D0AE5EA001F5270 /* TGLSettingsViewController.m */ = {isa = PBXFileReference; fileEncoding = 4; lastKnownFileType = sourcecode.c.objc; path = TGLSettingsViewController.m; sourceTree = "<group>"; };
		3DBF89AC190019980041CB92 /* TGLExposedLayout.h */ = {isa = PBXFileReference; fileEncoding = 4; lastKnownFileType = sourcecode.c.h; path = TGLExposedLayout.h; sourceTree = "<group>"; };
		3DBF89AD190019980041CB92 /* TGLExposedLayout.m */ = {isa = PBXFileReference; fileEncoding = 4; lastKnownFileType = sourcecode.c.objc; path = TGLExposedLayout.m; sourceTree = "<group>"; };
		3DBF89AE190019980041CB92 /* TGLStackedLayout.h */ = {isa = PBXFileReference; fileEncoding = 4; lastKnownFileType = sourcecode.c.h; path = TGLStackedLayout.h; sourceTree = "<group>"; };
		3DBF89AF190019980041CB92 /* TGLStackedLayout.m */ = {isa = PBXFileReference; fileEncoding = 4; lastKnownFileType = sourcecode.c.objc; path = TGLStackedLayout.m; sourceTree = "<group>"; };
		3DBF89B0190019980041CB92 /* TGLStackedViewController.h */ = {isa = PBXFileReference; fileEncoding = 4; lastKnownFileType = sourcecode.c.h; path = TGLStackedViewController.h; sourceTree = "<group>"; };
		3DBF89B1190019980041CB92 /* TGLStackedViewController.m */ = {isa = PBXFileReference; fileEncoding = 4; lastKnownFileType = sourcecode.c.objc; path = TGLStackedViewController.m; sourceTree = "<group>"; };
		3DCA5E991A121D7D0079EDC9 /* Launch Screen.xib */ = {isa = PBXFileReference; fileEncoding = 4; lastKnownFileType = file.xib; path = "Launch Screen.xib"; sourceTree = "<group>"; };
		3DE7BA101D0DEE7E0035A3FD /* TGLSettingOptionsViewController.m */ = {isa = PBXFileReference; fileEncoding = 4; lastKnownFileType = sourcecode.c.objc; path = TGLSettingOptionsViewController.m; sourceTree = "<group>"; };
		3DE7BA121D0DEE870035A3FD /* TGLSettingOptionsViewController.h */ = {isa = PBXFileReference; fileEncoding = 4; lastKnownFileType = sourcecode.c.h; path = TGLSettingOptionsViewController.h; sourceTree = "<group>"; };
		3DF68EFA18F31B0C00387458 /* TGLStackedViewExample.app */ = {isa = PBXFileReference; explicitFileType = wrapper.application; includeInIndex = 0; path = TGLStackedViewExample.app; sourceTree = BUILT_PRODUCTS_DIR; };
		3DF68EFD18F31B0C00387458 /* Foundation.framework */ = {isa = PBXFileReference; lastKnownFileType = wrapper.framework; name = Foundation.framework; path = System/Library/Frameworks/Foundation.framework; sourceTree = SDKROOT; };
		3DF68EFF18F31B0C00387458 /* CoreGraphics.framework */ = {isa = PBXFileReference; lastKnownFileType = wrapper.framework; name = CoreGraphics.framework; path = System/Library/Frameworks/CoreGraphics.framework; sourceTree = SDKROOT; };
		3DF68F0118F31B0C00387458 /* UIKit.framework */ = {isa = PBXFileReference; lastKnownFileType = wrapper.framework; name = UIKit.framework; path = System/Library/Frameworks/UIKit.framework; sourceTree = SDKROOT; };
		3DF68F0518F31B0C00387458 /* TGLStackedViewExample-Info.plist */ = {isa = PBXFileReference; lastKnownFileType = text.plist.xml; path = "TGLStackedViewExample-Info.plist"; sourceTree = "<group>"; };
		3DF68F0718F31B0C00387458 /* en */ = {isa = PBXFileReference; lastKnownFileType = text.plist.strings; name = en; path = en.lproj/InfoPlist.strings; sourceTree = "<group>"; };
		3DF68F0918F31B0C00387458 /* main.m */ = {isa = PBXFileReference; lastKnownFileType = sourcecode.c.objc; path = main.m; sourceTree = "<group>"; };
		3DF68F0B18F31B0C00387458 /* TGLStackedViewExample-Prefix.pch */ = {isa = PBXFileReference; lastKnownFileType = sourcecode.c.h; path = "TGLStackedViewExample-Prefix.pch"; sourceTree = "<group>"; };
		3DF68F0C18F31B0C00387458 /* TGLAppDelegate.h */ = {isa = PBXFileReference; lastKnownFileType = sourcecode.c.h; path = TGLAppDelegate.h; sourceTree = "<group>"; };
		3DF68F0D18F31B0C00387458 /* TGLAppDelegate.m */ = {isa = PBXFileReference; lastKnownFileType = sourcecode.c.objc; path = TGLAppDelegate.m; sourceTree = "<group>"; };
		3DF68F1018F31B0C00387458 /* Base */ = {isa = PBXFileReference; lastKnownFileType = file.storyboard; name = Base; path = Base.lproj/Main.storyboard; sourceTree = "<group>"; };
		3DF68F1218F31B0C00387458 /* TGLViewController.h */ = {isa = PBXFileReference; lastKnownFileType = sourcecode.c.h; path = TGLViewController.h; sourceTree = "<group>"; };
		3DF68F1318F31B0C00387458 /* TGLViewController.m */ = {isa = PBXFileReference; lastKnownFileType = sourcecode.c.objc; path = TGLViewController.m; sourceTree = "<group>"; };
		3DF68F1518F31B0C00387458 /* Images.xcassets */ = {isa = PBXFileReference; lastKnownFileType = folder.assetcatalog; path = Images.xcassets; sourceTree = "<group>"; };
		3DF68F3218F31C1300387458 /* TGLCollectionViewCell.h */ = {isa = PBXFileReference; fileEncoding = 4; lastKnownFileType = sourcecode.c.h; path = TGLCollectionViewCell.h; sourceTree = "<group>"; };
		3DF68F3318F31C1300387458 /* TGLCollectionViewCell.m */ = {isa = PBXFileReference; fileEncoding = 4; lastKnownFileType = sourcecode.c.objc; path = TGLCollectionViewCell.m; sourceTree = "<group>"; };
		3DFACA4D1D195E8C005C8F3F /* TGLBackgroundProxyView.h */ = {isa = PBXFileReference; fileEncoding = 4; lastKnownFileType = sourcecode.c.h; path = TGLBackgroundProxyView.h; sourceTree = "<group>"; };
		3DFACA4E1D195E8C005C8F3F /* TGLBackgroundProxyView.m */ = {isa = PBXFileReference; fileEncoding = 4; lastKnownFileType = sourcecode.c.objc; path = TGLBackgroundProxyView.m; sourceTree = "<group>"; };
		D1FC7DBB1E85A8B1003FB98A /* TGLStackedViewController.framework */ = {isa = PBXFileReference; explicitFileType = wrapper.framework; includeInIndex = 0; path = TGLStackedViewController.framework; sourceTree = BUILT_PRODUCTS_DIR; };
		D1FC7DBE1E85A8B1003FB98A /* Info.plist */ = {isa = PBXFileReference; lastKnownFileType = text.plist.xml; path = Info.plist; sourceTree = "<group>"; };
/* End PBXFileReference section */

/* Begin PBXFrameworksBuildPhase section */
		3DF68EF718F31B0C00387458 /* Frameworks */ = {
			isa = PBXFrameworksBuildPhase;
			buildActionMask = 2147483647;
			files = (
				3DF68F0018F31B0C00387458 /* CoreGraphics.framework in Frameworks */,
				3DF68F0218F31B0C00387458 /* UIKit.framework in Frameworks */,
				3DF68EFE18F31B0C00387458 /* Foundation.framework in Frameworks */,
				D1FC7DC21E85A8B1003FB98A /* TGLStackedViewController.framework in Frameworks */,
			);
			runOnlyForDeploymentPostprocessing = 0;
		};
		D1FC7DB71E85A8B1003FB98A /* Frameworks */ = {
			isa = PBXFrameworksBuildPhase;
			buildActionMask = 2147483647;
			files = (
			);
			runOnlyForDeploymentPostprocessing = 0;
		};
/* End PBXFrameworksBuildPhase section */

/* Begin PBXGroup section */
		3DBF89AB190019980041CB92 /* TGLStackedViewController */ = {
			isa = PBXGroup;
			children = (
				D1FC7DBE1E85A8B1003FB98A /* Info.plist */,
				3DBF89AC190019980041CB92 /* TGLExposedLayout.h */,
				3DBF89AD190019980041CB92 /* TGLExposedLayout.m */,
				3DBF89AE190019980041CB92 /* TGLStackedLayout.h */,
				3DBF89AF190019980041CB92 /* TGLStackedLayout.m */,
				3DBF89B0190019980041CB92 /* TGLStackedViewController.h */,
				3DBF89B1190019980041CB92 /* TGLStackedViewController.m */,
			);
			path = TGLStackedViewController;
			sourceTree = "<group>";
		};
		3DF68EF118F31B0C00387458 = {
			isa = PBXGroup;
			children = (
				3DBF89AB190019980041CB92 /* TGLStackedViewController */,
				3DF68F0318F31B0C00387458 /* TGLStackedViewExample */,
				3DF68EFC18F31B0C00387458 /* Frameworks */,
				3DF68EFB18F31B0C00387458 /* Products */,
			);
			sourceTree = "<group>";
		};
		3DF68EFB18F31B0C00387458 /* Products */ = {
			isa = PBXGroup;
			children = (
				3DF68EFA18F31B0C00387458 /* TGLStackedViewExample.app */,
				D1FC7DBB1E85A8B1003FB98A /* TGLStackedViewController.framework */,
			);
			name = Products;
			sourceTree = "<group>";
		};
		3DF68EFC18F31B0C00387458 /* Frameworks */ = {
			isa = PBXGroup;
			children = (
				3DF68EFD18F31B0C00387458 /* Foundation.framework */,
				3DF68EFF18F31B0C00387458 /* CoreGraphics.framework */,
				3DF68F0118F31B0C00387458 /* UIKit.framework */,
			);
			name = Frameworks;
			sourceTree = "<group>";
		};
		3DF68F0318F31B0C00387458 /* TGLStackedViewExample */ = {
			isa = PBXGroup;
			children = (
				3DF68F0C18F31B0C00387458 /* TGLAppDelegate.h */,
				3DF68F0D18F31B0C00387458 /* TGLAppDelegate.m */,
				3DFACA4D1D195E8C005C8F3F /* TGLBackgroundProxyView.h */,
				3DFACA4E1D195E8C005C8F3F /* TGLBackgroundProxyView.m */,
				3DF68F0F18F31B0C00387458 /* Main.storyboard */,
				3DF68F3218F31C1300387458 /* TGLCollectionViewCell.h */,
				3DF68F3318F31C1300387458 /* TGLCollectionViewCell.m */,
				3D4FB8321D0AE5EA001F5270 /* TGLSettingsViewController.h */,
				3D4FB8331D0AE5EA001F5270 /* TGLSettingsViewController.m */,
				3DE7BA121D0DEE870035A3FD /* TGLSettingOptionsViewController.h */,
				3DE7BA101D0DEE7E0035A3FD /* TGLSettingOptionsViewController.m */,
				3DF68F1218F31B0C00387458 /* TGLViewController.h */,
				3DF68F1318F31B0C00387458 /* TGLViewController.m */,
				3DF68F1518F31B0C00387458 /* Images.xcassets */,
				3DF68F0418F31B0C00387458 /* Supporting Files */,
			);
			path = TGLStackedViewExample;
			sourceTree = "<group>";
		};
		3DF68F0418F31B0C00387458 /* Supporting Files */ = {
			isa = PBXGroup;
			children = (
				3DCA5E991A121D7D0079EDC9 /* Launch Screen.xib */,
				3DF68F0518F31B0C00387458 /* TGLStackedViewExample-Info.plist */,
				3DF68F0618F31B0C00387458 /* InfoPlist.strings */,
				3DF68F0918F31B0C00387458 /* main.m */,
				3DF68F0B18F31B0C00387458 /* TGLStackedViewExample-Prefix.pch */,
			);
			name = "Supporting Files";
			sourceTree = "<group>";
		};
/* End PBXGroup section */

/* Begin PBXHeadersBuildPhase section */
		D1FC7DB81E85A8B1003FB98A /* Headers */ = {
			isa = PBXHeadersBuildPhase;
			buildActionMask = 2147483647;
			files = (
				D1FC7DCD1E85A930003FB98A /* TGLStackedViewController.h in Headers */,
				D1AE4A2C1E89198A006C8E16 /* TGLExposedLayout.h in Headers */,
				D1AE4A2D1E89198E006C8E16 /* TGLStackedLayout.h in Headers */,
			);
			runOnlyForDeploymentPostprocessing = 0;
		};
/* End PBXHeadersBuildPhase section */

/* Begin PBXNativeTarget section */
		3DF68EF918F31B0C00387458 /* TGLStackedViewExample */ = {
			isa = PBXNativeTarget;
			buildConfigurationList = 3DF68F2C18F31B0C00387458 /* Build configuration list for PBXNativeTarget "TGLStackedViewExample" */;
			buildPhases = (
				3DF68EF618F31B0C00387458 /* Sources */,
				3DF68EF718F31B0C00387458 /* Frameworks */,
				3DF68EF818F31B0C00387458 /* Resources */,
				D1FC7DC71E85A8B1003FB98A /* Embed Frameworks */,
			);
			buildRules = (
			);
			dependencies = (
				D1FC7DC11E85A8B1003FB98A /* PBXTargetDependency */,
			);
			name = TGLStackedViewExample;
			productName = CollectionTest;
			productReference = 3DF68EFA18F31B0C00387458 /* TGLStackedViewExample.app */;
			productType = "com.apple.product-type.application";
		};
		D1FC7DBA1E85A8B1003FB98A /* TGLStackedViewController */ = {
			isa = PBXNativeTarget;
			buildConfigurationList = D1FC7DC61E85A8B1003FB98A /* Build configuration list for PBXNativeTarget "TGLStackedViewController" */;
			buildPhases = (
				D1FC7DB61E85A8B1003FB98A /* Sources */,
				D1FC7DB71E85A8B1003FB98A /* Frameworks */,
				D1FC7DB81E85A8B1003FB98A /* Headers */,
				D1FC7DB91E85A8B1003FB98A /* Resources */,
			);
			buildRules = (
			);
			dependencies = (
			);
			name = TGLStackedViewController;
			productName = TGLStackedViewController;
			productReference = D1FC7DBB1E85A8B1003FB98A /* TGLStackedViewController.framework */;
			productType = "com.apple.product-type.framework";
		};
/* End PBXNativeTarget section */

/* Begin PBXProject section */
		3DF68EF218F31B0C00387458 /* Project object */ = {
			isa = PBXProject;
			attributes = {
				CLASSPREFIX = TGL;
				LastUpgradeCheck = 1100;
				ORGANIZATIONNAME = "Tim Gleue • interactive software";
				TargetAttributes = {
					D1FC7DBA1E85A8B1003FB98A = {
						CreatedOnToolsVersion = 8.2.1;
						ProvisioningStyle = Automatic;
					};
				};
			};
			buildConfigurationList = 3DF68EF518F31B0C00387458 /* Build configuration list for PBXProject "TGLStackedViewExample" */;
			compatibilityVersion = "Xcode 3.2";
			developmentRegion = en;
			hasScannedForEncodings = 0;
			knownRegions = (
				en,
				Base,
			);
			mainGroup = 3DF68EF118F31B0C00387458;
			productRefGroup = 3DF68EFB18F31B0C00387458 /* Products */;
			projectDirPath = "";
			projectRoot = "";
			targets = (
				3DF68EF918F31B0C00387458 /* TGLStackedViewExample */,
				D1FC7DBA1E85A8B1003FB98A /* TGLStackedViewController */,
			);
		};
/* End PBXProject section */

/* Begin PBXResourcesBuildPhase section */
		3DF68EF818F31B0C00387458 /* Resources */ = {
			isa = PBXResourcesBuildPhase;
			buildActionMask = 2147483647;
			files = (
				3DF68F1618F31B0C00387458 /* Images.xcassets in Resources */,
				3DCA5E9A1A121D7D0079EDC9 /* Launch Screen.xib in Resources */,
				3DF68F0818F31B0C00387458 /* InfoPlist.strings in Resources */,
				3DF68F1118F31B0C00387458 /* Main.storyboard in Resources */,
			);
			runOnlyForDeploymentPostprocessing = 0;
		};
		D1FC7DB91E85A8B1003FB98A /* Resources */ = {
			isa = PBXResourcesBuildPhase;
			buildActionMask = 2147483647;
			files = (
			);
			runOnlyForDeploymentPostprocessing = 0;
		};
/* End PBXResourcesBuildPhase section */

/* Begin PBXSourcesBuildPhase section */
		3DF68EF618F31B0C00387458 /* Sources */ = {
			isa = PBXSourcesBuildPhase;
			buildActionMask = 2147483647;
			files = (
				3DFACA4F1D195E8C005C8F3F /* TGLBackgroundProxyView.m in Sources */,
				3DE7BA111D0DEE7E0035A3FD /* TGLSettingOptionsViewController.m in Sources */,
				3DF68F0A18F31B0C00387458 /* main.m in Sources */,
				3DF68F3418F31C1300387458 /* TGLCollectionViewCell.m in Sources */,
				3DF68F0E18F31B0C00387458 /* TGLAppDelegate.m in Sources */,
				3D4FB8341D0AE5EA001F5270 /* TGLSettingsViewController.m in Sources */,
				3DF68F1418F31B0C00387458 /* TGLViewController.m in Sources */,
			);
			runOnlyForDeploymentPostprocessing = 0;
		};
		D1FC7DB61E85A8B1003FB98A /* Sources */ = {
			isa = PBXSourcesBuildPhase;
			buildActionMask = 2147483647;
			files = (
				D1C2B1F91E8927B600BBB75B /* TGLStackedViewController.m in Sources */,
				D1C2B1F71E8927B600BBB75B /* TGLExposedLayout.m in Sources */,
				D1C2B1F81E8927B600BBB75B /* TGLStackedLayout.m in Sources */,
			);
			runOnlyForDeploymentPostprocessing = 0;
		};
/* End PBXSourcesBuildPhase section */

/* Begin PBXTargetDependency section */
		D1FC7DC11E85A8B1003FB98A /* PBXTargetDependency */ = {
			isa = PBXTargetDependency;
			target = D1FC7DBA1E85A8B1003FB98A /* TGLStackedViewController */;
			targetProxy = D1FC7DC01E85A8B1003FB98A /* PBXContainerItemProxy */;
		};
/* End PBXTargetDependency section */

/* Begin PBXVariantGroup section */
		3DF68F0618F31B0C00387458 /* InfoPlist.strings */ = {
			isa = PBXVariantGroup;
			children = (
				3DF68F0718F31B0C00387458 /* en */,
			);
			name = InfoPlist.strings;
			sourceTree = "<group>";
		};
		3DF68F0F18F31B0C00387458 /* Main.storyboard */ = {
			isa = PBXVariantGroup;
			children = (
				3DF68F1018F31B0C00387458 /* Base */,
			);
			name = Main.storyboard;
			sourceTree = "<group>";
		};
/* End PBXVariantGroup section */

/* Begin XCBuildConfiguration section */
		3DF68F2A18F31B0C00387458 /* Debug */ = {
			isa = XCBuildConfiguration;
			buildSettings = {
				ALWAYS_SEARCH_USER_PATHS = NO;
				CLANG_ANALYZER_LOCALIZABILITY_NONLOCALIZED = YES;
				CLANG_CXX_LANGUAGE_STANDARD = "gnu++0x";
				CLANG_CXX_LIBRARY = "libc++";
				CLANG_ENABLE_MODULES = YES;
				CLANG_ENABLE_OBJC_ARC = YES;
				CLANG_WARN_BLOCK_CAPTURE_AUTORELEASING = YES;
				CLANG_WARN_BOOL_CONVERSION = YES;
				CLANG_WARN_COMMA = YES;
				CLANG_WARN_CONSTANT_CONVERSION = YES;
				CLANG_WARN_DEPRECATED_OBJC_IMPLEMENTATIONS = YES;
				CLANG_WARN_DIRECT_OBJC_ISA_USAGE = YES_ERROR;
				CLANG_WARN_EMPTY_BODY = YES;
				CLANG_WARN_ENUM_CONVERSION = YES;
				CLANG_WARN_INFINITE_RECURSION = YES;
				CLANG_WARN_INT_CONVERSION = YES;
				CLANG_WARN_NON_LITERAL_NULL_CONVERSION = YES;
				CLANG_WARN_OBJC_IMPLICIT_RETAIN_SELF = YES;
				CLANG_WARN_OBJC_LITERAL_CONVERSION = YES;
				CLANG_WARN_OBJC_ROOT_CLASS = YES_ERROR;
				CLANG_WARN_RANGE_LOOP_ANALYSIS = YES;
				CLANG_WARN_STRICT_PROTOTYPES = YES;
				CLANG_WARN_SUSPICIOUS_MOVE = YES;
				CLANG_WARN_UNREACHABLE_CODE = YES;
				CLANG_WARN__DUPLICATE_METHOD_MATCH = YES;
				"CODE_SIGN_IDENTITY[sdk=iphoneos*]" = "iPhone Developer";
				COPY_PHASE_STRIP = NO;
				ENABLE_STRICT_OBJC_MSGSEND = YES;
				ENABLE_TESTABILITY = YES;
				GCC_C_LANGUAGE_STANDARD = gnu99;
				GCC_DYNAMIC_NO_PIC = NO;
				GCC_NO_COMMON_BLOCKS = YES;
				GCC_OPTIMIZATION_LEVEL = 0;
				GCC_PREPROCESSOR_DEFINITIONS = (
					"DEBUG=1",
					"$(inherited)",
				);
				GCC_SYMBOLS_PRIVATE_EXTERN = NO;
				GCC_WARN_64_TO_32_BIT_CONVERSION = YES;
				GCC_WARN_ABOUT_RETURN_TYPE = YES_ERROR;
				GCC_WARN_UNDECLARED_SELECTOR = YES;
				GCC_WARN_UNINITIALIZED_AUTOS = YES_AGGRESSIVE;
				GCC_WARN_UNUSED_FUNCTION = YES;
				GCC_WARN_UNUSED_VARIABLE = YES;
				IPHONEOS_DEPLOYMENT_TARGET = 9.0;
				ONLY_ACTIVE_ARCH = YES;
				SDKROOT = iphoneos;
			};
			name = Debug;
		};
		3DF68F2B18F31B0C00387458 /* Release */ = {
			isa = XCBuildConfiguration;
			buildSettings = {
				ALWAYS_SEARCH_USER_PATHS = NO;
				CLANG_ANALYZER_LOCALIZABILITY_NONLOCALIZED = YES;
				CLANG_CXX_LANGUAGE_STANDARD = "gnu++0x";
				CLANG_CXX_LIBRARY = "libc++";
				CLANG_ENABLE_MODULES = YES;
				CLANG_ENABLE_OBJC_ARC = YES;
				CLANG_WARN_BLOCK_CAPTURE_AUTORELEASING = YES;
				CLANG_WARN_BOOL_CONVERSION = YES;
				CLANG_WARN_COMMA = YES;
				CLANG_WARN_CONSTANT_CONVERSION = YES;
				CLANG_WARN_DEPRECATED_OBJC_IMPLEMENTATIONS = YES;
				CLANG_WARN_DIRECT_OBJC_ISA_USAGE = YES_ERROR;
				CLANG_WARN_EMPTY_BODY = YES;
				CLANG_WARN_ENUM_CONVERSION = YES;
				CLANG_WARN_INFINITE_RECURSION = YES;
				CLANG_WARN_INT_CONVERSION = YES;
				CLANG_WARN_NON_LITERAL_NULL_CONVERSION = YES;
				CLANG_WARN_OBJC_IMPLICIT_RETAIN_SELF = YES;
				CLANG_WARN_OBJC_LITERAL_CONVERSION = YES;
				CLANG_WARN_OBJC_ROOT_CLASS = YES_ERROR;
				CLANG_WARN_RANGE_LOOP_ANALYSIS = YES;
				CLANG_WARN_STRICT_PROTOTYPES = YES;
				CLANG_WARN_SUSPICIOUS_MOVE = YES;
				CLANG_WARN_UNREACHABLE_CODE = YES;
				CLANG_WARN__DUPLICATE_METHOD_MATCH = YES;
				"CODE_SIGN_IDENTITY[sdk=iphoneos*]" = "iPhone Developer";
				COPY_PHASE_STRIP = YES;
				ENABLE_NS_ASSERTIONS = NO;
				ENABLE_STRICT_OBJC_MSGSEND = YES;
				GCC_C_LANGUAGE_STANDARD = gnu99;
				GCC_NO_COMMON_BLOCKS = YES;
				GCC_WARN_64_TO_32_BIT_CONVERSION = YES;
				GCC_WARN_ABOUT_RETURN_TYPE = YES_ERROR;
				GCC_WARN_UNDECLARED_SELECTOR = YES;
				GCC_WARN_UNINITIALIZED_AUTOS = YES_AGGRESSIVE;
				GCC_WARN_UNUSED_FUNCTION = YES;
				GCC_WARN_UNUSED_VARIABLE = YES;
				IPHONEOS_DEPLOYMENT_TARGET = 9.0;
				SDKROOT = iphoneos;
				VALIDATE_PRODUCT = YES;
			};
			name = Release;
		};
		3DF68F2D18F31B0C00387458 /* Debug */ = {
			isa = XCBuildConfiguration;
			buildSettings = {
				ASSETCATALOG_COMPILER_APPICON_NAME = AppIcon;
				ASSETCATALOG_COMPILER_LAUNCHIMAGE_NAME = "";
				CODE_SIGN_IDENTITY = "iPhone Developer";
				"CODE_SIGN_IDENTITY[sdk=iphoneos*]" = "iPhone Developer";
				GCC_PRECOMPILE_PREFIX_HEADER = YES;
				GCC_PREFIX_HEADER = "TGLStackedViewExample/TGLStackedViewExample-Prefix.pch";
				INFOPLIST_FILE = "$(SRCROOT)/TGLStackedViewExample/TGLStackedViewExample-Info.plist";
				LD_RUNPATH_SEARCH_PATHS = "$(inherited) @executable_path/Frameworks";
				PRODUCT_BUNDLE_IDENTIFIER = "com.gleue-interactive.${PRODUCT_NAME:rfc1034identifier}";
				PRODUCT_NAME = TGLStackedViewExample;
				PROVISIONING_PROFILE = "";
				WRAPPER_EXTENSION = app;
			};
			name = Debug;
		};
		3DF68F2E18F31B0C00387458 /* Release */ = {
			isa = XCBuildConfiguration;
			buildSettings = {
				ASSETCATALOG_COMPILER_APPICON_NAME = AppIcon;
				ASSETCATALOG_COMPILER_LAUNCHIMAGE_NAME = "";
				CODE_SIGN_IDENTITY = "iPhone Developer";
				"CODE_SIGN_IDENTITY[sdk=iphoneos*]" = "iPhone Developer";
				GCC_PRECOMPILE_PREFIX_HEADER = YES;
				GCC_PREFIX_HEADER = "TGLStackedViewExample/TGLStackedViewExample-Prefix.pch";
				INFOPLIST_FILE = "$(SRCROOT)/TGLStackedViewExample/TGLStackedViewExample-Info.plist";
				LD_RUNPATH_SEARCH_PATHS = "$(inherited) @executable_path/Frameworks";
				PRODUCT_BUNDLE_IDENTIFIER = "com.gleue-interactive.${PRODUCT_NAME:rfc1034identifier}";
				PRODUCT_NAME = TGLStackedViewExample;
				PROVISIONING_PROFILE = "";
				WRAPPER_EXTENSION = app;
			};
			name = Release;
		};
		D1FC7DC41E85A8B1003FB98A /* Debug */ = {
			isa = XCBuildConfiguration;
			buildSettings = {
				CLANG_ANALYZER_NONNULL = YES;
				CLANG_WARN_DOCUMENTATION_COMMENTS = YES;
				CODE_SIGN_IDENTITY = "";
				"CODE_SIGN_IDENTITY[sdk=iphoneos*]" = "";
				CURRENT_PROJECT_VERSION = 1;
				DEBUG_INFORMATION_FORMAT = dwarf;
				DEFINES_MODULE = YES;
				DYLIB_COMPATIBILITY_VERSION = 1;
				DYLIB_CURRENT_VERSION = 1;
				DYLIB_INSTALL_NAME_BASE = "@rpath";
				INFOPLIST_FILE = TGLStackedViewController/Info.plist;
				INSTALL_PATH = "$(LOCAL_LIBRARY_DIR)/Frameworks";
				IPHONEOS_DEPLOYMENT_TARGET = 10.2;
				LD_RUNPATH_SEARCH_PATHS = "$(inherited) @executable_path/Frameworks @loader_path/Frameworks";
				MTL_ENABLE_DEBUG_INFO = YES;
				PRODUCT_BUNDLE_IDENTIFIER = "com.gleue-interactive.TGLStackedViewController";
				PRODUCT_NAME = "$(TARGET_NAME)";
				SKIP_INSTALL = YES;
				TARGETED_DEVICE_FAMILY = "1,2";
				VERSIONING_SYSTEM = "apple-generic";
				VERSION_INFO_PREFIX = "";
			};
			name = Debug;
		};
		D1FC7DC51E85A8B1003FB98A /* Release */ = {
			isa = XCBuildConfiguration;
			buildSettings = {
				CLANG_ANALYZER_NONNULL = YES;
				CLANG_WARN_DOCUMENTATION_COMMENTS = YES;
				CODE_SIGN_IDENTITY = "";
				"CODE_SIGN_IDENTITY[sdk=iphoneos*]" = "";
				COPY_PHASE_STRIP = NO;
				CURRENT_PROJECT_VERSION = 1;
				DEBUG_INFORMATION_FORMAT = "dwarf-with-dsym";
				DEFINES_MODULE = YES;
				DYLIB_COMPATIBILITY_VERSION = 1;
				DYLIB_CURRENT_VERSION = 1;
				DYLIB_INSTALL_NAME_BASE = "@rpath";
				INFOPLIST_FILE = TGLStackedViewController/Info.plist;
				INSTALL_PATH = "$(LOCAL_LIBRARY_DIR)/Frameworks";
				IPHONEOS_DEPLOYMENT_TARGET = 10.2;
				LD_RUNPATH_SEARCH_PATHS = "$(inherited) @executable_path/Frameworks @loader_path/Frameworks";
				MTL_ENABLE_DEBUG_INFO = NO;
				PRODUCT_BUNDLE_IDENTIFIER = "com.gleue-interactive.TGLStackedViewController";
				PRODUCT_NAME = "$(TARGET_NAME)";
				SKIP_INSTALL = YES;
				TARGETED_DEVICE_FAMILY = "1,2";
				VERSIONING_SYSTEM = "apple-generic";
				VERSION_INFO_PREFIX = "";
			};
			name = Release;
		};
/* End XCBuildConfiguration section */

/* Begin XCConfigurationList section */
		3DF68EF518F31B0C00387458 /* Build configuration list for PBXProject "TGLStackedViewExample" */ = {
			isa = XCConfigurationList;
			buildConfigurations = (
				3DF68F2A18F31B0C00387458 /* Debug */,
				3DF68F2B18F31B0C00387458 /* Release */,
			);
			defaultConfigurationIsVisible = 0;
			defaultConfigurationName = Release;
		};
		3DF68F2C18F31B0C00387458 /* Build configuration list for PBXNativeTarget "TGLStackedViewExample" */ = {
			isa = XCConfigurationList;
			buildConfigurations = (
				3DF68F2D18F31B0C00387458 /* Debug */,
				3DF68F2E18F31B0C00387458 /* Release */,
			);
			defaultConfigurationIsVisible = 0;
			defaultConfigurationName = Release;
		};
		D1FC7DC61E85A8B1003FB98A /* Build configuration list for PBXNativeTarget "TGLStackedViewController" */ = {
			isa = XCConfigurationList;
			buildConfigurations = (
				D1FC7DC41E85A8B1003FB98A /* Debug */,
				D1FC7DC51E85A8B1003FB98A /* Release */,
			);
			defaultConfigurationIsVisible = 0;
			defaultConfigurationName = Release;
		};
/* End XCConfigurationList section */
	};
	rootObject = 3DF68EF218F31B0C00387458 /* Project object */;
}
